// !$*UTF8*$!
{
	archiveVersion = 1;
	classes = {
	};
	objectVersion = 46;
	objects = {

/* Begin PBXBuildFile section */
		EDF882A419414F810088527F /* Foundation.framework in Frameworks */ = {isa = PBXBuildFile; fileRef = EDF882A319414F810088527F /* Foundation.framework */; };
		EDF882A619414F810088527F /* CoreGraphics.framework in Frameworks */ = {isa = PBXBuildFile; fileRef = EDF882A519414F810088527F /* CoreGraphics.framework */; };
		EDF882A819414F810088527F /* UIKit.framework in Frameworks */ = {isa = PBXBuildFile; fileRef = EDF882A719414F810088527F /* UIKit.framework */; };
		EDF882AE19414F810088527F /* InfoPlist.strings in Resources */ = {isa = PBXBuildFile; fileRef = EDF882AC19414F810088527F /* InfoPlist.strings */; };
		EDF882B019414F810088527F /* main.m in Sources */ = {isa = PBXBuildFile; fileRef = EDF882AF19414F810088527F /* main.m */; };
		EDF882B419414F810088527F /* CardGameAppDelegate.m in Sources */ = {isa = PBXBuildFile; fileRef = EDF882B319414F810088527F /* CardGameAppDelegate.m */; };
		EDF882B719414F810088527F /* Main.storyboard in Resources */ = {isa = PBXBuildFile; fileRef = EDF882B519414F810088527F /* Main.storyboard */; };
		EDF882BA19414F810088527F /* CardGameViewController.m in Sources */ = {isa = PBXBuildFile; fileRef = EDF882B919414F810088527F /* CardGameViewController.m */; };
		EDF882BC19414F810088527F /* Images.xcassets in Resources */ = {isa = PBXBuildFile; fileRef = EDF882BB19414F810088527F /* Images.xcassets */; };
		EDF882C319414F810088527F /* XCTest.framework in Frameworks */ = {isa = PBXBuildFile; fileRef = EDF882C219414F810088527F /* XCTest.framework */; };
		EDF882C419414F810088527F /* Foundation.framework in Frameworks */ = {isa = PBXBuildFile; fileRef = EDF882A319414F810088527F /* Foundation.framework */; };
		EDF882C519414F810088527F /* UIKit.framework in Frameworks */ = {isa = PBXBuildFile; fileRef = EDF882A719414F810088527F /* UIKit.framework */; };
		EDF882CD19414F810088527F /* InfoPlist.strings in Resources */ = {isa = PBXBuildFile; fileRef = EDF882CB19414F810088527F /* InfoPlist.strings */; };
		EDF882CF19414F820088527F /* matchismoTests.m in Sources */ = {isa = PBXBuildFile; fileRef = EDF882CE19414F820088527F /* matchismoTests.m */; };
/* End PBXBuildFile section */

/* Begin PBXContainerItemProxy section */
		EDF882C619414F810088527F /* PBXContainerItemProxy */ = {
			isa = PBXContainerItemProxy;
			containerPortal = EDF8829819414F810088527F /* Project object */;
			proxyType = 1;
			remoteGlobalIDString = EDF8829F19414F810088527F;
			remoteInfo = matchismo;
		};
/* End PBXContainerItemProxy section */

/* Begin PBXFileReference section */
		EDF882A019414F810088527F /* matchismo.app */ = {isa = PBXFileReference; explicitFileType = wrapper.application; includeInIndex = 0; path = matchismo.app; sourceTree = BUILT_PRODUCTS_DIR; };
		EDF882A319414F810088527F /* Foundation.framework */ = {isa = PBXFileReference; lastKnownFileType = wrapper.framework; name = Foundation.framework; path = System/Library/Frameworks/Foundation.framework; sourceTree = SDKROOT; };
		EDF882A519414F810088527F /* CoreGraphics.framework */ = {isa = PBXFileReference; lastKnownFileType = wrapper.framework; name = CoreGraphics.framework; path = System/Library/Frameworks/CoreGraphics.framework; sourceTree = SDKROOT; };
		EDF882A719414F810088527F /* UIKit.framework */ = {isa = PBXFileReference; lastKnownFileType = wrapper.framework; name = UIKit.framework; path = System/Library/Frameworks/UIKit.framework; sourceTree = SDKROOT; };
		EDF882AB19414F810088527F /* matchismo-Info.plist */ = {isa = PBXFileReference; lastKnownFileType = text.plist.xml; path = "matchismo-Info.plist"; sourceTree = "<group>"; };
		EDF882AD19414F810088527F /* en */ = {isa = PBXFileReference; lastKnownFileType = text.plist.strings; name = en; path = en.lproj/InfoPlist.strings; sourceTree = "<group>"; };
		EDF882AF19414F810088527F /* main.m */ = {isa = PBXFileReference; lastKnownFileType = sourcecode.c.objc; path = main.m; sourceTree = "<group>"; };
		EDF882B119414F810088527F /* matchismo-Prefix.pch */ = {isa = PBXFileReference; lastKnownFileType = sourcecode.c.h; path = "matchismo-Prefix.pch"; sourceTree = "<group>"; };
		EDF882B219414F810088527F /* CardGameAppDelegate.h */ = {isa = PBXFileReference; lastKnownFileType = sourcecode.c.h; path = CardGameAppDelegate.h; sourceTree = "<group>"; };
		EDF882B319414F810088527F /* CardGameAppDelegate.m */ = {isa = PBXFileReference; lastKnownFileType = sourcecode.c.objc; path = CardGameAppDelegate.m; sourceTree = "<group>"; };
		EDF882B619414F810088527F /* Base */ = {isa = PBXFileReference; lastKnownFileType = file.storyboard; name = Base; path = Base.lproj/Main.storyboard; sourceTree = "<group>"; };
		EDF882B819414F810088527F /* CardGameViewController.h */ = {isa = PBXFileReference; lastKnownFileType = sourcecode.c.h; path = CardGameViewController.h; sourceTree = "<group>"; };
		EDF882B919414F810088527F /* CardGameViewController.m */ = {isa = PBXFileReference; lastKnownFileType = sourcecode.c.objc; path = CardGameViewController.m; sourceTree = "<group>"; };
		EDF882BB19414F810088527F /* Images.xcassets */ = {isa = PBXFileReference; lastKnownFileType = folder.assetcatalog; path = Images.xcassets; sourceTree = "<group>"; };
		EDF882C119414F810088527F /* matchismoTests.xctest */ = {isa = PBXFileReference; explicitFileType = wrapper.cfbundle; includeInIndex = 0; path = matchismoTests.xctest; sourceTree = BUILT_PRODUCTS_DIR; };
		EDF882C219414F810088527F /* XCTest.framework */ = {isa = PBXFileReference; lastKnownFileType = wrapper.framework; name = XCTest.framework; path = Library/Frameworks/XCTest.framework; sourceTree = DEVELOPER_DIR; };
		EDF882CA19414F810088527F /* matchismoTests-Info.plist */ = {isa = PBXFileReference; lastKnownFileType = text.plist.xml; path = "matchismoTests-Info.plist"; sourceTree = "<group>"; };
		EDF882CC19414F810088527F /* en */ = {isa = PBXFileReference; lastKnownFileType = text.plist.strings; name = en; path = en.lproj/InfoPlist.strings; sourceTree = "<group>"; };
		EDF882CE19414F820088527F /* matchismoTests.m */ = {isa = PBXFileReference; lastKnownFileType = sourcecode.c.objc; path = matchismoTests.m; sourceTree = "<group>"; };
/* End PBXFileReference section */

/* Begin PBXFrameworksBuildPhase section */
		EDF8829D19414F810088527F /* Frameworks */ = {
			isa = PBXFrameworksBuildPhase;
			buildActionMask = 2147483647;
			files = (
				EDF882A619414F810088527F /* CoreGraphics.framework in Frameworks */,
				EDF882A819414F810088527F /* UIKit.framework in Frameworks */,
				EDF882A419414F810088527F /* Foundation.framework in Frameworks */,
			);
			runOnlyForDeploymentPostprocessing = 0;
		};
		EDF882BE19414F810088527F /* Frameworks */ = {
			isa = PBXFrameworksBuildPhase;
			buildActionMask = 2147483647;
			files = (
				EDF882C319414F810088527F /* XCTest.framework in Frameworks */,
				EDF882C519414F810088527F /* UIKit.framework in Frameworks */,
				EDF882C419414F810088527F /* Foundation.framework in Frameworks */,
			);
			runOnlyForDeploymentPostprocessing = 0;
		};
/* End PBXFrameworksBuildPhase section */

/* Begin PBXGroup section */
		EDF8829719414F810088527F = {
			isa = PBXGroup;
			children = (
				EDF882A919414F810088527F /* matchismo */,
				EDF882C819414F810088527F /* matchismoTests */,
				EDF882A219414F810088527F /* Frameworks */,
				EDF882A119414F810088527F /* Products */,
			);
			sourceTree = "<group>";
		};
		EDF882A119414F810088527F /* Products */ = {
			isa = PBXGroup;
			children = (
				EDF882A019414F810088527F /* matchismo.app */,
				EDF882C119414F810088527F /* matchismoTests.xctest */,
			);
			name = Products;
			sourceTree = "<group>";
		};
		EDF882A219414F810088527F /* Frameworks */ = {
			isa = PBXGroup;
			children = (
				EDF882A319414F810088527F /* Foundation.framework */,
				EDF882A519414F810088527F /* CoreGraphics.framework */,
				EDF882A719414F810088527F /* UIKit.framework */,
				EDF882C219414F810088527F /* XCTest.framework */,
			);
			name = Frameworks;
			sourceTree = "<group>";
		};
		EDF882A919414F810088527F /* matchismo */ = {
			isa = PBXGroup;
			children = (
				EDF882B219414F810088527F /* CardGameAppDelegate.h */,
				EDF882B319414F810088527F /* CardGameAppDelegate.m */,
				EDF882B519414F810088527F /* Main.storyboard */,
				EDF882B819414F810088527F /* CardGameViewController.h */,
				EDF882B919414F810088527F /* CardGameViewController.m */,
				EDF882BB19414F810088527F /* Images.xcassets */,
				EDF882AA19414F810088527F /* Supporting Files */,
			);
			path = matchismo;
			sourceTree = "<group>";
		};
		EDF882AA19414F810088527F /* Supporting Files */ = {
			isa = PBXGroup;
			children = (
				EDF882AB19414F810088527F /* matchismo-Info.plist */,
				EDF882AC19414F810088527F /* InfoPlist.strings */,
				EDF882AF19414F810088527F /* main.m */,
				EDF882B119414F810088527F /* matchismo-Prefix.pch */,
			);
			name = "Supporting Files";
			sourceTree = "<group>";
		};
		EDF882C819414F810088527F /* matchismoTests */ = {
			isa = PBXGroup;
			children = (
				EDF882CE19414F820088527F /* matchismoTests.m */,
				EDF882C919414F810088527F /* Supporting Files */,
			);
			path = matchismoTests;
			sourceTree = "<group>";
		};
		EDF882C919414F810088527F /* Supporting Files */ = {
			isa = PBXGroup;
			children = (
				EDF882CA19414F810088527F /* matchismoTests-Info.plist */,
				EDF882CB19414F810088527F /* InfoPlist.strings */,
			);
			name = "Supporting Files";
			sourceTree = "<group>";
		};
/* End PBXGroup section */

/* Begin PBXNativeTarget section */
		EDF8829F19414F810088527F /* matchismo */ = {
			isa = PBXNativeTarget;
			buildConfigurationList = EDF882D219414F820088527F /* Build configuration list for PBXNativeTarget "matchismo" */;
			buildPhases = (
				EDF8829C19414F810088527F /* Sources */,
				EDF8829D19414F810088527F /* Frameworks */,
				EDF8829E19414F810088527F /* Resources */,
			);
			buildRules = (
			);
			dependencies = (
			);
			name = matchismo;
			productName = matchismo;
			productReference = EDF882A019414F810088527F /* matchismo.app */;
			productType = "com.apple.product-type.application";
		};
		EDF882C019414F810088527F /* matchismoTests */ = {
			isa = PBXNativeTarget;
			buildConfigurationList = EDF882D519414F820088527F /* Build configuration list for PBXNativeTarget "matchismoTests" */;
			buildPhases = (
				EDF882BD19414F810088527F /* Sources */,
				EDF882BE19414F810088527F /* Frameworks */,
				EDF882BF19414F810088527F /* Resources */,
			);
			buildRules = (
			);
			dependencies = (
				EDF882C719414F810088527F /* PBXTargetDependency */,
			);
			name = matchismoTests;
			productName = matchismoTests;
			productReference = EDF882C119414F810088527F /* matchismoTests.xctest */;
			productType = "com.apple.product-type.bundle.unit-test";
		};
/* End PBXNativeTarget section */

/* Begin PBXProject section */
		EDF8829819414F810088527F /* Project object */ = {
			isa = PBXProject;
			attributes = {
				CLASSPREFIX = CardGame;
				LastUpgradeCheck = 0510;
				ORGANIZATIONNAME = yzq;
				TargetAttributes = {
					EDF882C019414F810088527F = {
						TestTargetID = EDF8829F19414F810088527F;
					};
				};
			};
			buildConfigurationList = EDF8829B19414F810088527F /* Build configuration list for PBXProject "matchismo" */;
			compatibilityVersion = "Xcode 3.2";
			developmentRegion = English;
			hasScannedForEncodings = 0;
			knownRegions = (
				en,
				Base,
			);
			mainGroup = EDF8829719414F810088527F;
			productRefGroup = EDF882A119414F810088527F /* Products */;
			projectDirPath = "";
			projectRoot = "";
			targets = (
				EDF8829F19414F810088527F /* matchismo */,
				EDF882C019414F810088527F /* matchismoTests */,
			);
		};
/* End PBXProject section */

/* Begin PBXResourcesBuildPhase section */
		EDF8829E19414F810088527F /* Resources */ = {
			isa = PBXResourcesBuildPhase;
			buildActionMask = 2147483647;
			files = (
				EDF882BC19414F810088527F /* Images.xcassets in Resources */,
				EDF882AE19414F810088527F /* InfoPlist.strings in Resources */,
				EDF882B719414F810088527F /* Main.storyboard in Resources */,
			);
			runOnlyForDeploymentPostprocessing = 0;
		};
		EDF882BF19414F810088527F /* Resources */ = {
			isa = PBXResourcesBuildPhase;
			buildActionMask = 2147483647;
			files = (
				EDF882CD19414F810088527F /* InfoPlist.strings in Resources */,
			);
			runOnlyForDeploymentPostprocessing = 0;
		};
/* End PBXResourcesBuildPhase section */

/* Begin PBXSourcesBuildPhase section */
		EDF8829C19414F810088527F /* Sources */ = {
			isa = PBXSourcesBuildPhase;
			buildActionMask = 2147483647;
			files = (
				EDF882B419414F810088527F /* CardGameAppDelegate.m in Sources */,
				EDF882BA19414F810088527F /* CardGameViewController.m in Sources */,
				EDF882B019414F810088527F /* main.m in Sources */,
			);
			runOnlyForDeploymentPostprocessing = 0;
		};
		EDF882BD19414F810088527F /* Sources */ = {
			isa = PBXSourcesBuildPhase;
			buildActionMask = 2147483647;
			files = (
				EDF882CF19414F820088527F /* matchismoTests.m in Sources */,
			);
			runOnlyForDeploymentPostprocessing = 0;
		};
/* End PBXSourcesBuildPhase section */

/* Begin PBXTargetDependency section */
		EDF882C719414F810088527F /* PBXTargetDependency */ = {
			isa = PBXTargetDependency;
			target = EDF8829F19414F810088527F /* matchismo */;
			targetProxy = EDF882C619414F810088527F /* PBXContainerItemProxy */;
		};
/* End PBXTargetDependency section */

/* Begin PBXVariantGroup section */
		EDF882AC19414F810088527F /* InfoPlist.strings */ = {
			isa = PBXVariantGroup;
			children = (
				EDF882AD19414F810088527F /* en */,
			);
			name = InfoPlist.strings;
			sourceTree = "<group>";
		};
		EDF882B519414F810088527F /* Main.storyboard */ = {
			isa = PBXVariantGroup;
			children = (
				EDF882B619414F810088527F /* Base */,
			);
			name = Main.storyboard;
			sourceTree = "<group>";
		};
		EDF882CB19414F810088527F /* InfoPlist.strings */ = {
			isa = PBXVariantGroup;
			children = (
				EDF882CC19414F810088527F /* en */,
			);
			name = InfoPlist.strings;
			sourceTree = "<group>";
		};
/* End PBXVariantGroup section */

/* Begin XCBuildConfiguration section */
		EDF882D019414F820088527F /* Debug */ = {
			isa = XCBuildConfiguration;
			buildSettings = {
				ALWAYS_SEARCH_USER_PATHS = NO;
				CLANG_CXX_LANGUAGE_STANDARD = "gnu++0x";
				CLANG_CXX_LIBRARY = "libc++";
				CLANG_ENABLE_MODULES = YES;
				CLANG_ENABLE_OBJC_ARC = YES;
				CLANG_WARN_BOOL_CONVERSION = YES;
				CLANG_WARN_CONSTANT_CONVERSION = YES;
				CLANG_WARN_DIRECT_OBJC_ISA_USAGE = YES_ERROR;
				CLANG_WARN_EMPTY_BODY = YES;
				CLANG_WARN_ENUM_CONVERSION = YES;
				CLANG_WARN_INT_CONVERSION = YES;
				CLANG_WARN_OBJC_ROOT_CLASS = YES_ERROR;
				CLANG_WARN__DUPLICATE_METHOD_MATCH = YES;
				"CODE_SIGN_IDENTITY[sdk=iphoneos*]" = "iPhone Developer";
				COPY_PHASE_STRIP = NO;
				GCC_C_LANGUAGE_STANDARD = gnu99;
				GCC_DYNAMIC_NO_PIC = NO;
				GCC_OPTIMIZATION_LEVEL = 0;
				GCC_PREPROCESSOR_DEFINITIONS = (
					"DEBUG=1",
					"$(inherited)",
				);
				GCC_SYMBOLS_PRIVATE_EXTERN = NO;
				GCC_WARN_64_TO_32_BIT_CONVERSION = YES;
				GCC_WARN_ABOUT_RETURN_TYPE = YES_ERROR;
				GCC_WARN_UNDECLARED_SELECTOR = YES;
				GCC_WARN_UNINITIALIZED_AUTOS = YES_AGGRESSIVE;
				GCC_WARN_UNUSED_FUNCTION = YES;
				GCC_WARN_UNUSED_VARIABLE = YES;
				IPHONEOS_DEPLOYMENT_TARGET = 7.1;
				ONLY_ACTIVE_ARCH = YES;
				SDKROOT = iphoneos;
			};
			name = Debug;
		};
		EDF882D119414F820088527F /* Release */ = {
			isa = XCBuildConfiguration;
			buildSettings = {
				ALWAYS_SEARCH_USER_PATHS = NO;
				CLANG_CXX_LANGUAGE_STANDARD = "gnu++0x";
				CLANG_CXX_LIBRARY = "libc++";
				CLANG_ENABLE_MODULES = YES;
				CLANG_ENABLE_OBJC_ARC = YES;
				CLANG_WARN_BOOL_CONVERSION = YES;
				CLANG_WARN_CONSTANT_CONVERSION = YES;
				CLANG_WARN_DIRECT_OBJC_ISA_USAGE = YES_ERROR;
				CLANG_WARN_EMPTY_BODY = YES;
				CLANG_WARN_ENUM_CONVERSION = YES;
				CLANG_WARN_INT_CONVERSION = YES;
				CLANG_WARN_OBJC_ROOT_CLASS = YES_ERROR;
				CLANG_WARN__DUPLICATE_METHOD_MATCH = YES;
				"CODE_SIGN_IDENTITY[sdk=iphoneos*]" = "iPhone Developer";
				COPY_PHASE_STRIP = YES;
				ENABLE_NS_ASSERTIONS = NO;
				GCC_C_LANGUAGE_STANDARD = gnu99;
				GCC_WARN_64_TO_32_BIT_CONVERSION = YES;
				GCC_WARN_ABOUT_RETURN_TYPE = YES_ERROR;
				GCC_WARN_UNDECLARED_SELECTOR = YES;
				GCC_WARN_UNINITIALIZED_AUTOS = YES_AGGRESSIVE;
				GCC_WARN_UNUSED_FUNCTION = YES;
				GCC_WARN_UNUSED_VARIABLE = YES;
				IPHONEOS_DEPLOYMENT_TARGET = 7.1;
				SDKROOT = iphoneos;
				VALIDATE_PRODUCT = YES;
			};
			name = Release;
		};
		EDF882D319414F820088527F /* Debug */ = {
			isa = XCBuildConfiguration;
			buildSettings = {
				ASSETCATALOG_COMPILER_APPICON_NAME = AppIcon;
				ASSETCATALOG_COMPILER_LAUNCHIMAGE_NAME = LaunchImage;
				GCC_PRECOMPILE_PREFIX_HEADER = YES;
				GCC_PREFIX_HEADER = "matchismo/matchismo-Prefix.pch";
				INFOPLIST_FILE = "matchismo/matchismo-Info.plist";
				PRODUCT_NAME = "$(TARGET_NAME)";
				WRAPPER_EXTENSION = app;
			};
			name = Debug;
		};
		EDF882D419414F820088527F /* Release */ = {
			isa = XCBuildConfiguration;
			buildSettings = {
				ASSETCATALOG_COMPILER_APPICON_NAME = AppIcon;
				ASSETCATALOG_COMPILER_LAUNCHIMAGE_NAME = LaunchImage;
				GCC_PRECOMPILE_PREFIX_HEADER = YES;
				GCC_PREFIX_HEADER = "matchismo/matchismo-Prefix.pch";
				INFOPLIST_FILE = "matchismo/matchismo-Info.plist";
				PRODUCT_NAME = "$(TARGET_NAME)";
				WRAPPER_EXTENSION = app;
			};
			name = Release;
		};
		EDF882D619414F820088527F /* Debug */ = {
			isa = XCBuildConfiguration;
			buildSettings = {
				BUNDLE_LOADER = "$(BUILT_PRODUCTS_DIR)/matchismo.app/matchismo";
				FRAMEWORK_SEARCH_PATHS = (
					"$(SDKROOT)/Developer/Library/Frameworks",
					"$(inherited)",
					"$(DEVELOPER_FRAMEWORKS_DIR)",
				);
				GCC_PRECOMPILE_PREFIX_HEADER = YES;
				GCC_PREFIX_HEADER = "matchismo/matchismo-Prefix.pch";
				GCC_PREPROCESSOR_DEFINITIONS = (
					"DEBUG=1",
					"$(inherited)",
				);
				INFOPLIST_FILE = "matchismoTests/matchismoTests-Info.plist";
				PRODUCT_NAME = "$(TARGET_NAME)";
				TEST_HOST = "$(BUNDLE_LOADER)";
				WRAPPER_EXTENSION = xctest;
			};
			name = Debug;
		};
		EDF882D719414F820088527F /* Release */ = {
			isa = XCBuildConfiguration;
			buildSettings = {
				BUNDLE_LOADER = "$(BUILT_PRODUCTS_DIR)/matchismo.app/matchismo";
				FRAMEWORK_SEARCH_PATHS = (
					"$(SDKROOT)/Developer/Library/Frameworks",
					"$(inherited)",
					"$(DEVELOPER_FRAMEWORKS_DIR)",
				);
				GCC_PRECOMPILE_PREFIX_HEADER = YES;
				GCC_PREFIX_HEADER = "matchismo/matchismo-Prefix.pch";
				INFOPLIST_FILE = "matchismoTests/matchismoTests-Info.plist";
				PRODUCT_NAME = "$(TARGET_NAME)";
				TEST_HOST = "$(BUNDLE_LOADER)";
				WRAPPER_EXTENSION = xctest;
			};
			name = Release;
		};
/* End XCBuildConfiguration section */

/* Begin XCConfigurationList section */
		EDF8829B19414F810088527F /* Build configuration list for PBXProject "matchismo" */ = {
			isa = XCConfigurationList;
			buildConfigurations = (
				EDF882D019414F820088527F /* Debug */,
				EDF882D119414F820088527F /* Release */,
			);
			defaultConfigurationIsVisible = 0;
			defaultConfigurationName = Release;
		};
		EDF882D219414F820088527F /* Build configuration list for PBXNativeTarget "matchismo" */ = {
			isa = XCConfigurationList;
			buildConfigurations = (
				EDF882D319414F820088527F /* Debug */,
				EDF882D419414F820088527F /* Release */,
			);
			defaultConfigurationIsVisible = 0;
		};
		EDF882D519414F820088527F /* Build configuration list for PBXNativeTarget "matchismoTests" */ = {
			isa = XCConfigurationList;
			buildConfigurations = (
				EDF882D619414F820088527F /* Debug */,
				EDF882D719414F820088527F /* Release */,
			);
			defaultConfigurationIsVisible = 0;
		};
/* End XCConfigurationList section */
	};
	rootObject = EDF8829819414F810088527F /* Project object */;
}
